// !$*UTF8*$!
{
	archiveVersion = 1;
	classes = {
	};
	objectVersion = 50;
	objects = {

/* Begin PBXBuildFile section */
		578ADFC0257A7A9300ADA516 /* AppDelegate.swift in Sources */ = {isa = PBXBuildFile; fileRef = 578ADFBF257A7A9300ADA516 /* AppDelegate.swift */; };
		578ADFC2257A7A9300ADA516 /* ViewController.swift in Sources */ = {isa = PBXBuildFile; fileRef = 578ADFC1257A7A9300ADA516 /* ViewController.swift */; };
		578ADFC5257A7A9300ADA516 /* Main.storyboard in Resources */ = {isa = PBXBuildFile; fileRef = 578ADFC3257A7A9300ADA516 /* Main.storyboard */; };
		578ADFC7257A7A9500ADA516 /* Assets.xcassets in Resources */ = {isa = PBXBuildFile; fileRef = 578ADFC6257A7A9500ADA516 /* Assets.xcassets */; };
		578ADFCA257A7A9500ADA516 /* LaunchScreen.storyboard in Resources */ = {isa = PBXBuildFile; fileRef = 578ADFC8257A7A9500ADA516 /* LaunchScreen.storyboard */; };
		57BBDC6A257A8669008DEBE0 /* InfoPlist.strings in Resources */ = {isa = PBXBuildFile; fileRef = 57BBDC6C257A8669008DEBE0 /* InfoPlist.strings */; };
/* End PBXBuildFile section */

/* Begin PBXFileReference section */
		578ADFBC257A7A9300ADA516 /* Dice Roll.app */ = {isa = PBXFileReference; explicitFileType = wrapper.application; includeInIndex = 0; path = "Dice Roll.app"; sourceTree = BUILT_PRODUCTS_DIR; };
		578ADFBF257A7A9300ADA516 /* AppDelegate.swift */ = {isa = PBXFileReference; lastKnownFileType = sourcecode.swift; path = AppDelegate.swift; sourceTree = "<group>"; };
		578ADFC1257A7A9300ADA516 /* ViewController.swift */ = {isa = PBXFileReference; lastKnownFileType = sourcecode.swift; path = ViewController.swift; sourceTree = "<group>"; };
		578ADFC4257A7A9300ADA516 /* Base */ = {isa = PBXFileReference; lastKnownFileType = file.storyboard; name = Base; path = Base.lproj/Main.storyboard; sourceTree = "<group>"; };
		578ADFC6257A7A9500ADA516 /* Assets.xcassets */ = {isa = PBXFileReference; lastKnownFileType = folder.assetcatalog; path = Assets.xcassets; sourceTree = "<group>"; };
		578ADFC9257A7A9500ADA516 /* Base */ = {isa = PBXFileReference; lastKnownFileType = file.storyboard; name = Base; path = Base.lproj/LaunchScreen.storyboard; sourceTree = "<group>"; };
		578ADFCB257A7A9500ADA516 /* Info.plist */ = {isa = PBXFileReference; lastKnownFileType = text.plist.xml; path = Info.plist; sourceTree = "<group>"; };
		57BBDC64257A85FD008DEBE0 /* ru */ = {isa = PBXFileReference; lastKnownFileType = text.plist.strings; name = ru; path = ru.lproj/Main.strings; sourceTree = "<group>"; };
		57BBDC65257A85FD008DEBE0 /* ru */ = {isa = PBXFileReference; lastKnownFileType = text.plist.strings; name = ru; path = ru.lproj/LaunchScreen.strings; sourceTree = "<group>"; };
		57BBDC6B257A8669008DEBE0 /* ru */ = {isa = PBXFileReference; lastKnownFileType = text.plist.strings; name = ru; path = ru.lproj/InfoPlist.strings; sourceTree = "<group>"; };
/* End PBXFileReference section */

/* Begin PBXFrameworksBuildPhase section */
		578ADFB9257A7A9300ADA516 /* Frameworks */ = {
			isa = PBXFrameworksBuildPhase;
			buildActionMask = 2147483647;
			files = (
			);
			runOnlyForDeploymentPostprocessing = 0;
		};
/* End PBXFrameworksBuildPhase section */

/* Begin PBXGroup section */
		578ADFB3257A7A9300ADA516 = {
			isa = PBXGroup;
			children = (
				578ADFBE257A7A9300ADA516 /* Dice Roll */,
				578ADFBD257A7A9300ADA516 /* Products */,
			);
			sourceTree = "<group>";
		};
		578ADFBD257A7A9300ADA516 /* Products */ = {
			isa = PBXGroup;
			children = (
				578ADFBC257A7A9300ADA516 /* Dice Roll.app */,
			);
			name = Products;
			sourceTree = "<group>";
		};
		578ADFBE257A7A9300ADA516 /* Dice Roll */ = {
			isa = PBXGroup;
			children = (
				578ADFBF257A7A9300ADA516 /* AppDelegate.swift */,
				578ADFC1257A7A9300ADA516 /* ViewController.swift */,
				578ADFC3257A7A9300ADA516 /* Main.storyboard */,
				578ADFC6257A7A9500ADA516 /* Assets.xcassets */,
				578ADFC8257A7A9500ADA516 /* LaunchScreen.storyboard */,
				578ADFCB257A7A9500ADA516 /* Info.plist */,
				57BBDC6C257A8669008DEBE0 /* InfoPlist.strings */,
			);
			path = "Dice Roll";
			sourceTree = "<group>";
		};
/* End PBXGroup section */

/* Begin PBXNativeTarget section */
		578ADFBB257A7A9300ADA516 /* Dice Roll */ = {
			isa = PBXNativeTarget;
			buildConfigurationList = 578ADFCE257A7A9500ADA516 /* Build configuration list for PBXNativeTarget "Dice Roll" */;
			buildPhases = (
				578ADFB8257A7A9300ADA516 /* Sources */,
				578ADFB9257A7A9300ADA516 /* Frameworks */,
				578ADFBA257A7A9300ADA516 /* Resources */,
			);
			buildRules = (
			);
			dependencies = (
			);
			name = "Dice Roll";
			productName = "Dice Roll";
			productReference = 578ADFBC257A7A9300ADA516 /* Dice Roll.app */;
			productType = "com.apple.product-type.application";
		};
/* End PBXNativeTarget section */

/* Begin PBXProject section */
		578ADFB4257A7A9300ADA516 /* Project object */ = {
			isa = PBXProject;
			attributes = {
				LastSwiftUpdateCheck = 1030;
				LastUpgradeCheck = 1030;
				ORGANIZATIONNAME = paw;
				TargetAttributes = {
					578ADFBB257A7A9300ADA516 = {
						CreatedOnToolsVersion = 10.3;
					};
				};
			};
			buildConfigurationList = 578ADFB7257A7A9300ADA516 /* Build configuration list for PBXProject "Dice Roll" */;
			compatibilityVersion = "Xcode 9.3";
			developmentRegion = en;
			hasScannedForEncodings = 0;
			knownRegions = (
				en,
				Base,
				ru,
			);
			mainGroup = 578ADFB3257A7A9300ADA516;
			productRefGroup = 578ADFBD257A7A9300ADA516 /* Products */;
			projectDirPath = "";
			projectRoot = "";
			targets = (
				578ADFBB257A7A9300ADA516 /* Dice Roll */,
			);
		};
/* End PBXProject section */

/* Begin PBXResourcesBuildPhase section */
		578ADFBA257A7A9300ADA516 /* Resources */ = {
			isa = PBXResourcesBuildPhase;
			buildActionMask = 2147483647;
			files = (
				578ADFCA257A7A9500ADA516 /* LaunchScreen.storyboard in Resources */,
				57BBDC6A257A8669008DEBE0 /* InfoPlist.strings in Resources */,
				578ADFC7257A7A9500ADA516 /* Assets.xcassets in Resources */,
				578ADFC5257A7A9300ADA516 /* Main.storyboard in Resources */,
			);
			runOnlyForDeploymentPostprocessing = 0;
		};
/* End PBXResourcesBuildPhase section */

/* Begin PBXSourcesBuildPhase section */
		578ADFB8257A7A9300ADA516 /* Sources */ = {
			isa = PBXSourcesBuildPhase;
			buildActionMask = 2147483647;
			files = (
				578ADFC2257A7A9300ADA516 /* ViewController.swift in Sources */,
				578ADFC0257A7A9300ADA516 /* AppDelegate.swift in Sources */,
			);
			runOnlyForDeploymentPostprocessing = 0;
		};
/* End PBXSourcesBuildPhase section */

/* Begin PBXVariantGroup section */
		578ADFC3257A7A9300ADA516 /* Main.storyboard */ = {
			isa = PBXVariantGroup;
			children = (
				578ADFC4257A7A9300ADA516 /* Base */,
				57BBDC64257A85FD008DEBE0 /* ru */,
			);
			name = Main.storyboard;
			sourceTree = "<group>";
		};
		578ADFC8257A7A9500ADA516 /* LaunchScreen.storyboard */ = {
			isa = PBXVariantGroup;
			children = (
				578ADFC9257A7A9500ADA516 /* Base */,
				57BBDC65257A85FD008DEBE0 /* ru */,
			);
			name = LaunchScreen.storyboard;
			sourceTree = "<group>";
		};
		57BBDC6C257A8669008DEBE0 /* InfoPlist.strings */ = {
			isa = PBXVariantGroup;
			children = (
				57BBDC6B257A8669008DEBE0 /* ru */,
			);
			name = InfoPlist.strings;
			sourceTree = "<group>";
		};
/* End PBXVariantGroup section */

/* Begin XCBuildConfiguration section */
		578ADFCC257A7A9500ADA516 /* Debug */ = {
			isa = XCBuildConfiguration;
			buildSettings = {
				ALWAYS_SEARCH_USER_PATHS = NO;
				CLANG_ANALYZER_LOCALIZABILITY_NONLOCALIZED = YES;
				CLANG_ANALYZER_NONNULL = YES;
				CLANG_ANALYZER_NUMBER_OBJECT_CONVERSION = YES_AGGRESSIVE;
				CLANG_CXX_LANGUAGE_STANDARD = "gnu++14";
				CLANG_CXX_LIBRARY = "libc++";
				CLANG_ENABLE_MODULES = YES;
				CLANG_ENABLE_OBJC_ARC = YES;
				CLANG_ENABLE_OBJC_WEAK = YES;
				CLANG_WARN_BLOCK_CAPTURE_AUTORELEASING = YES;
				CLANG_WARN_BOOL_CONVERSION = YES;
				CLANG_WARN_COMMA = YES;
				CLANG_WARN_CONSTANT_CONVERSION = YES;
				CLANG_WARN_DEPRECATED_OBJC_IMPLEMENTATIONS = YES;
				CLANG_WARN_DIRECT_OBJC_ISA_USAGE = YES_ERROR;
				CLANG_WARN_DOCUMENTATION_COMMENTS = YES;
				CLANG_WARN_EMPTY_BODY = YES;
				CLANG_WARN_ENUM_CONVERSION = YES;
				CLANG_WARN_INFINITE_RECURSION = YES;
				CLANG_WARN_INT_CONVERSION = YES;
				CLANG_WARN_NON_LITERAL_NULL_CONVERSION = YES;
				CLANG_WARN_OBJC_IMPLICIT_RETAIN_SELF = YES;
				CLANG_WARN_OBJC_LITERAL_CONVERSION = YES;
				CLANG_WARN_OBJC_ROOT_CLASS = YES_ERROR;
				CLANG_WARN_RANGE_LOOP_ANALYSIS = YES;
				CLANG_WARN_STRICT_PROTOTYPES = YES;
				CLANG_WARN_SUSPICIOUS_MOVE = YES;
				CLANG_WARN_UNGUARDED_AVAILABILITY = YES_AGGRESSIVE;
				CLANG_WARN_UNREACHABLE_CODE = YES;
				CLANG_WARN__DUPLICATE_METHOD_MATCH = YES;
				CODE_SIGN_IDENTITY = "iPhone Developer";
				COPY_PHASE_STRIP = NO;
				DEBUG_INFORMATION_FORMAT = dwarf;
				ENABLE_STRICT_OBJC_MSGSEND = YES;
				ENABLE_TESTABILITY = YES;
				GCC_C_LANGUAGE_STANDARD = gnu11;
				GCC_DYNAMIC_NO_PIC = NO;
				GCC_NO_COMMON_BLOCKS = YES;
				GCC_OPTIMIZATION_LEVEL = 0;
				GCC_PREPROCESSOR_DEFINITIONS = (
					"DEBUG=1",
					"$(inherited)",
				);
				GCC_WARN_64_TO_32_BIT_CONVERSION = YES;
				GCC_WARN_ABOUT_RETURN_TYPE = YES_ERROR;
				GCC_WARN_UNDECLARED_SELECTOR = YES;
				GCC_WARN_UNINITIALIZED_AUTOS = YES_AGGRESSIVE;
				GCC_WARN_UNUSED_FUNCTION = YES;
				GCC_WARN_UNUSED_VARIABLE = YES;
				IPHONEOS_DEPLOYMENT_TARGET = 12.4;
				MTL_ENABLE_DEBUG_INFO = INCLUDE_SOURCE;
				MTL_FAST_MATH = YES;
				ONLY_ACTIVE_ARCH = YES;
				SDKROOT = iphoneos;
				SWIFT_ACTIVE_COMPILATION_CONDITIONS = DEBUG;
				SWIFT_OPTIMIZATION_LEVEL = "-Onone";
			};
			name = Debug;
		};
		578ADFCD257A7A9500ADA516 /* Release */ = {
			isa = XCBuildConfiguration;
			buildSettings = {
				ALWAYS_SEARCH_USER_PATHS = NO;
				CLANG_ANALYZER_LOCALIZABILITY_NONLOCALIZED = YES;
				CLANG_ANALYZER_NONNULL = YES;
				CLANG_ANALYZER_NUMBER_OBJECT_CONVERSION = YES_AGGRESSIVE;
				CLANG_CXX_LANGUAGE_STANDARD = "gnu++14";
				CLANG_CXX_LIBRARY = "libc++";
				CLANG_ENABLE_MODULES = YES;
				CLANG_ENABLE_OBJC_ARC = YES;
				CLANG_ENABLE_OBJC_WEAK = YES;
				CLANG_WARN_BLOCK_CAPTURE_AUTORELEASING = YES;
				CLANG_WARN_BOOL_CONVERSION = YES;
				CLANG_WARN_COMMA = YES;
				CLANG_WARN_CONSTANT_CONVERSION = YES;
				CLANG_WARN_DEPRECATED_OBJC_IMPLEMENTATIONS = YES;
				CLANG_WARN_DIRECT_OBJC_ISA_USAGE = YES_ERROR;
				CLANG_WARN_DOCUMENTATION_COMMENTS = YES;
				CLANG_WARN_EMPTY_BODY = YES;
				CLANG_WARN_ENUM_CONVERSION = YES;
				CLANG_WARN_INFINITE_RECURSION = YES;
				CLANG_WARN_INT_CONVERSION = YES;
				CLANG_WARN_NON_LITERAL_NULL_CONVERSION = YES;
				CLANG_WARN_OBJC_IMPLICIT_RETAIN_SELF = YES;
				CLANG_WARN_OBJC_LITERAL_CONVERSION = YES;
				CLANG_WARN_OBJC_ROOT_CLASS = YES_ERROR;
				CLANG_WARN_RANGE_LOOP_ANALYSIS = YES;
				CLANG_WARN_STRICT_PROTOTYPES = YES;
				CLANG_WARN_SUSPICIOUS_MOVE = YES;
				CLANG_WARN_UNGUARDED_AVAILABILITY = YES_AGGRESSIVE;
				CLANG_WARN_UNREACHABLE_CODE = YES;
				CLANG_WARN__DUPLICATE_METHOD_MATCH = YES;
				CODE_SIGN_IDENTITY = "iPhone Developer";
				COPY_PHASE_STRIP = NO;
				DEBUG_INFORMATION_FORMAT = "dwarf-with-dsym";
				ENABLE_NS_ASSERTIONS = NO;
				ENABLE_STRICT_OBJC_MSGSEND = YES;
				GCC_C_LANGUAGE_STANDARD = gnu11;
				GCC_NO_COMMON_BLOCKS = YES;
				GCC_WARN_64_TO_32_BIT_CONVERSION = YES;
				GCC_WARN_ABOUT_RETURN_TYPE = YES_ERROR;
				GCC_WARN_UNDECLARED_SELECTOR = YES;
				GCC_WARN_UNINITIALIZED_AUTOS = YES_AGGRESSIVE;
				GCC_WARN_UNUSED_FUNCTION = YES;
				GCC_WARN_UNUSED_VARIABLE = YES;
				IPHONEOS_DEPLOYMENT_TARGET = 12.4;
				MTL_ENABLE_DEBUG_INFO = NO;
				MTL_FAST_MATH = YES;
				SDKROOT = iphoneos;
				SWIFT_COMPILATION_MODE = wholemodule;
				SWIFT_OPTIMIZATION_LEVEL = "-O";
				VALIDATE_PRODUCT = YES;
			};
			name = Release;
		};
		578ADFCF257A7A9500ADA516 /* Debug */ = {
			isa = XCBuildConfiguration;
			buildSettings = {
				ASSETCATALOG_COMPILER_APPICON_NAME = "AppIcon-1";
				CODE_SIGN_STYLE = Automatic;
				DEVELOPMENT_TEAM = 5N8L5V4YZX;
				INFOPLIST_FILE = "Dice Roll/Info.plist";
				IPHONEOS_DEPLOYMENT_TARGET = 10.0;
				LD_RUNPATH_SEARCH_PATHS = (
					"$(inherited)",
					"@executable_path/Frameworks",
				);
				PRODUCT_BUNDLE_IDENTIFIER = "ru.paul-moryak.Dice-Roll";
				PRODUCT_NAME = "$(TARGET_NAME)";
				SWIFT_VERSION = 5.0;
				TARGETED_DEVICE_FAMILY = "1,2";
			};
			name = Debug;
		};
		578ADFD0257A7A9500ADA516 /* Release */ = {
			isa = XCBuildConfiguration;
			buildSettings = {
				ASSETCATALOG_COMPILER_APPICON_NAME = "AppIcon-1";
				CODE_SIGN_STYLE = Automatic;
				DEVELOPMENT_TEAM = 5N8L5V4YZX;
				INFOPLIST_FILE = "Dice Roll/Info.plist";
				IPHONEOS_DEPLOYMENT_TARGET = 10.0;
				LD_RUNPATH_SEARCH_PATHS = (
					"$(inherited)",
					"@executable_path/Frameworks",
				);
				PRODUCT_BUNDLE_IDENTIFIER = "ru.paul-moryak.Dice-Roll";
				PRODUCT_NAME = "$(TARGET_NAME)";
				SWIFT_VERSION = 5.0;
				TARGETED_DEVICE_FAMILY = "1,2";
			};
			name = Release;
		};
/* End XCBuildConfiguration section */

/* Begin XCConfigurationList section */
		578ADFB7257A7A9300ADA516 /* Build configuration list for PBXProject "Dice Roll" */ = {
			isa = XCConfigurationList;
			buildConfigurations = (
				578ADFCC257A7A9500ADA516 /* Debug */,
				578ADFCD257A7A9500ADA516 /* Release */,
			);
			defaultConfigurationIsVisible = 0;
			defaultConfigurationName = Release;
		};
		578ADFCE257A7A9500ADA516 /* Build configuration list for PBXNativeTarget "Dice Roll" */ = {
			isa = XCConfigurationList;
			buildConfigurations = (
				578ADFCF257A7A9500ADA516 /* Debug */,
				578ADFD0257A7A9500ADA516 /* Release */,
			);
			defaultConfigurationIsVisible = 0;
			defaultConfigurationName = Release;
		};
/* End XCConfigurationList section */
	};
	rootObject = 578ADFB4257A7A9300ADA516 /* Project object */;
}
